
Microsoft Visual Studio Solution File, Format Version 12.00
# Visual Studio 14
VisualStudioVersion = 14.0.25420.1
MinimumVisualStudioVersion = 10.0.40219.1
Project("{2150E333-8FDC-42A3-9474-1A3956D46DE8}") = "Library", "Library", "{AC41BAD1-0963-4C65-9A29-EA1EC408F361}"
EndProject
Project("{2150E333-8FDC-42A3-9474-1A3956D46DE8}") = "Sample", "Sample", "{875D8F46-3813-4F86-B389-D6E04AD24BEC}"
EndProject
Project("{FAE04EC0-301F-11D3-BF4B-00C04F79EFBC}") = "GwenNetLua", "Library\Portable\GwenNetLua.csproj", "{B11D8781-C235-4F73-BE6D-6FAB14F72B36}"
EndProject
Project("{FAE04EC0-301F-11D3-BF4B-00C04F79EFBC}") = "Sample.Desktop.OpenTK", "Sample\Sample.Desktop.OpenTK\Sample.Desktop.OpenTK.csproj", "{CFAEFF76-9BF5-4C5B-AB90-7CE5C62D9DE5}"
EndProject
Project("{FAE04EC0-301F-11D3-BF4B-00C04F79EFBC}") = "Sample", "Sample\Sample\Sample.csproj", "{670EB0FD-C172-4DCB-84DF-AFA9DA7A168E}"
EndProject
Project("{2150E333-8FDC-42A3-9474-1A3956D46DE8}") = "MonoGame", "MonoGame", "{8945A398-7436-4682-8182-CB275D176686}"
EndProject
Project("{FAE04EC0-301F-11D3-BF4B-00C04F79EFBC}") = "LuaContentPipeline", "Sample\MonoGame\LuaContentPipeline\LuaContentPipeline.csproj", "{534FB28B-A4C9-4534-A2E8-76F30756F598}"
EndProject
Project("{FAE04EC0-301F-11D3-BF4B-00C04F79EFBC}") = "Sample.MonoGame.Windows", "Sample\MonoGame\Sample.MonoGame.Windows\Sample.MonoGame.Windows.csproj", "{B14AEB8D-A90B-4270-AC39-2E42355AE1D4}"
EndProject
Global
	GlobalSection(SolutionConfigurationPlatforms) = preSolution
		Debug|Any CPU = Debug|Any CPU
		Debug|x86 = Debug|x86
		Release|Any CPU = Release|Any CPU
		Release|x86 = Release|x86
	EndGlobalSection
	GlobalSection(ProjectConfigurationPlatforms) = postSolution
		{B11D8781-C235-4F73-BE6D-6FAB14F72B36}.Debug|Any CPU.ActiveCfg = Debug|Any CPU
		{B11D8781-C235-4F73-BE6D-6FAB14F72B36}.Debug|Any CPU.Build.0 = Debug|Any CPU
		{B11D8781-C235-4F73-BE6D-6FAB14F72B36}.Debug|x86.ActiveCfg = Debug|Any CPU
		{B11D8781-C235-4F73-BE6D-6FAB14F72B36}.Debug|x86.Build.0 = Debug|Any CPU
		{B11D8781-C235-4F73-BE6D-6FAB14F72B36}.Release|Any CPU.ActiveCfg = Release|Any CPU
		{B11D8781-C235-4F73-BE6D-6FAB14F72B36}.Release|Any CPU.Build.0 = Release|Any CPU
		{B11D8781-C235-4F73-BE6D-6FAB14F72B36}.Release|x86.ActiveCfg = Release|Any CPU
		{B11D8781-C235-4F73-BE6D-6FAB14F72B36}.Release|x86.Build.0 = Release|Any CPU
		{CFAEFF76-9BF5-4C5B-AB90-7CE5C62D9DE5}.Debug|Any CPU.ActiveCfg = Debug|Any CPU
		{CFAEFF76-9BF5-4C5B-AB90-7CE5C62D9DE5}.Debug|Any CPU.Build.0 = Debug|Any CPU
		{CFAEFF76-9BF5-4C5B-AB90-7CE5C62D9DE5}.Debug|x86.ActiveCfg = Debug|Any CPU
		{CFAEFF76-9BF5-4C5B-AB90-7CE5C62D9DE5}.Debug|x86.Build.0 = Debug|Any CPU
		{CFAEFF76-9BF5-4C5B-AB90-7CE5C62D9DE5}.Release|Any CPU.ActiveCfg = Release|Any CPU
		{CFAEFF76-9BF5-4C5B-AB90-7CE5C62D9DE5}.Release|Any CPU.Build.0 = Release|Any CPU
		{CFAEFF76-9BF5-4C5B-AB90-7CE5C62D9DE5}.Release|x86.ActiveCfg = Release|Any CPU
		{CFAEFF76-9BF5-4C5B-AB90-7CE5C62D9DE5}.Release|x86.Build.0 = Release|Any CPU
		{670EB0FD-C172-4DCB-84DF-AFA9DA7A168E}.Debug|Any CPU.ActiveCfg = Debug|Any CPU
		{670EB0FD-C172-4DCB-84DF-AFA9DA7A168E}.Debug|Any CPU.Build.0 = Debug|Any CPU
		{670EB0FD-C172-4DCB-84DF-AFA9DA7A168E}.Debug|x86.ActiveCfg = Debug|Any CPU
		{670EB0FD-C172-4DCB-84DF-AFA9DA7A168E}.Debug|x86.Build.0 = Debug|Any CPU
		{670EB0FD-C172-4DCB-84DF-AFA9DA7A168E}.Release|Any CPU.ActiveCfg = Release|Any CPU
		{670EB0FD-C172-4DCB-84DF-AFA9DA7A168E}.Release|Any CPU.Build.0 = Release|Any CPU
		{670EB0FD-C172-4DCB-84DF-AFA9DA7A168E}.Release|x86.ActiveCfg = Release|Any CPU
		{670EB0FD-C172-4DCB-84DF-AFA9DA7A168E}.Release|x86.Build.0 = Release|Any CPU
		{534FB28B-A4C9-4534-A2E8-76F30756F598}.Debug|Any CPU.ActiveCfg = Debug|Any CPU
		{534FB28B-A4C9-4534-A2E8-76F30756F598}.Debug|Any CPU.Build.0 = Debug|Any CPU
		{534FB28B-A4C9-4534-A2E8-76F30756F598}.Debug|x86.ActiveCfg = Debug|Any CPU
		{534FB28B-A4C9-4534-A2E8-76F30756F598}.Debug|x86.Build.0 = Debug|Any CPU
		{534FB28B-A4C9-4534-A2E8-76F30756F598}.Release|Any CPU.ActiveCfg = Release|Any CPU
		{534FB28B-A4C9-4534-A2E8-76F30756F598}.Release|Any CPU.Build.0 = Release|Any CPU
		{534FB28B-A4C9-4534-A2E8-76F30756F598}.Release|x86.ActiveCfg = Release|Any CPU
		{534FB28B-A4C9-4534-A2E8-76F30756F598}.Release|x86.Build.0 = Release|Any CPU
		{B14AEB8D-A90B-4270-AC39-2E42355AE1D4}.Debug|Any CPU.ActiveCfg = Debug|x86
		{B14AEB8D-A90B-4270-AC39-2E42355AE1D4}.Debug|Any CPU.Build.0 = Debug|x86
		{B14AEB8D-A90B-4270-AC39-2E42355AE1D4}.Debug|x86.ActiveCfg = Debug|x86
		{B14AEB8D-A90B-4270-AC39-2E42355AE1D4}.Debug|x86.Build.0 = Debug|x86
		{B14AEB8D-A90B-4270-AC39-2E42355AE1D4}.Release|Any CPU.ActiveCfg = Release|x86
		{B14AEB8D-A90B-4270-AC39-2E42355AE1D4}.Release|x86.ActiveCfg = Release|x86
		{B14AEB8D-A90B-4270-AC39-2E42355AE1D4}.Release|x86.Build.0 = Release|x86
	EndGlobalSection
	GlobalSection(SolutionProperties) = preSolution
		HideSolutionNode = FALSE
	EndGlobalSection
	GlobalSection(NestedProjects) = preSolution
		{B11D8781-C235-4F73-BE6D-6FAB14F72B36} = {AC41BAD1-0963-4C65-9A29-EA1EC408F361}
		{CFAEFF76-9BF5-4C5B-AB90-7CE5C62D9DE5} = {875D8F46-3813-4F86-B389-D6E04AD24BEC}
		{670EB0FD-C172-4DCB-84DF-AFA9DA7A168E} = {875D8F46-3813-4F86-B389-D6E04AD24BEC}
		{8945A398-7436-4682-8182-CB275D176686} = {875D8F46-3813-4F86-B389-D6E04AD24BEC}
		{534FB28B-A4C9-4534-A2E8-76F30756F598} = {8945A398-7436-4682-8182-CB275D176686}
		{B14AEB8D-A90B-4270-AC39-2E42355AE1D4} = {8945A398-7436-4682-8182-CB275D176686}
	EndGlobalSection
EndGlobal
